
Microsoft Visual Studio Solution File, Format Version 12.00
# Visual Studio Version 17
VisualStudioVersion = 17.3.32922.545
MinimumVisualStudioVersion = 10.0.40219.1
Project("{8BC9CEB8-8B4A-11D0-8D11-00A0C91BC942}") = "лаб3.3", "лаб3.3\лаб3.3.vcxproj", "{D99397DD-4A22-47CF-9EED-C61B50DB93DD}"
EndProject
Global
	GlobalSection(SolutionConfigurationPlatforms) = preSolution
		Debug|x64 = Debug|x64
		Debug|x86 = Debug|x86
		Release|x64 = Release|x64
		Release|x86 = Release|x86
	EndGlobalSection
	GlobalSection(ProjectConfigurationPlatforms) = postSolution
		{D99397DD-4A22-47CF-9EED-C61B50DB93DD}.Debug|x64.ActiveCfg = Debug|x64
		{D99397DD-4A22-47CF-9EED-C61B50DB93DD}.Debug|x64.Build.0 = Debug|x64
		{D99397DD-4A22-47CF-9EED-C61B50DB93DD}.Debug|x86.ActiveCfg = Debug|Win32
		{D99397DD-4A22-47CF-9EED-C61B50DB93DD}.Debug|x86.Build.0 = Debug|Win32
		{D99397DD-4A22-47CF-9EED-C61B50DB93DD}.Release|x64.ActiveCfg = Release|x64
		{D99397DD-4A22-47CF-9EED-C61B50DB93DD}.Release|x64.Build.0 = Release|x64
		{D99397DD-4A22-47CF-9EED-C61B50DB93DD}.Release|x86.ActiveCfg = Release|Win32
		{D99397DD-4A22-47CF-9EED-C61B50DB93DD}.Release|x86.Build.0 = Release|Win32
	EndGlobalSection
	GlobalSection(SolutionProperties) = preSolution
		HideSolutionNode = FALSE
	EndGlobalSection
	GlobalSection(ExtensibilityGlobals) = postSolution
		SolutionGuid = {1B84E73A-4E77-4190-87AA-D033D8596FCD}
	EndGlobalSection
EndGlobal
